github.com/google/uuid v1.6.0 h1:NIvaJDMOsjHA8n1jAhLSgzrAzy1Hgr+hNrb57e+94F0=
github.com/google/uuid v1.6.0/go.mod h1:TIyPZe4MgqvfeYDBFedMoGGpEw/LqOeaOT+nhxU+yHo=
github.com/itlightning/dateparse v0.2.1 h1:AB0NJTyI0HYcerEUMovKZOiQVBg1mBPxgAnWQwzLP6g=
github.com/itlightning/dateparse v0.2.1/go.mod h1:xHlmL8lT0L9JIBlaKotRwsoDYpKJskXpiU9ZwbbSkNA=
github.com/lib/pq v1.10.9 h1:YXG7RB+JIjhP29X+OtkiDnYaXQwpS4JEWq7dtCCRUEw=
github.com/lib/pq v1.10.9/go.mod h1:AlVN5x4E4T544tWzH6hKfbfQvm3HdbOxrmggDNAPY9o=
